// !$*UTF8*$!
{
	archiveVersion = 1;
	classes = {
	};
	objectVersion = 50;
	objects = {

/* Begin PBXBuildFile section */
		20ED4D9B22D3E4DE0081CA8B /* AppDelegate.m in Sources */ = {isa = PBXBuildFile; fileRef = 20ED4D9A22D3E4DE0081CA8B /* AppDelegate.m */; };
		20ED4D9E22D3E4DE0081CA8B /* ViewController.m in Sources */ = {isa = PBXBuildFile; fileRef = 20ED4D9D22D3E4DE0081CA8B /* ViewController.m */; };
		20ED4DA122D3E4DE0081CA8B /* Main.storyboard in Resources */ = {isa = PBXBuildFile; fileRef = 20ED4D9F22D3E4DE0081CA8B /* Main.storyboard */; };
		20ED4DA322D3E4E10081CA8B /* Assets.xcassets in Resources */ = {isa = PBXBuildFile; fileRef = 20ED4DA222D3E4E10081CA8B /* Assets.xcassets */; };
		20ED4DA622D3E4E10081CA8B /* LaunchScreen.storyboard in Resources */ = {isa = PBXBuildFile; fileRef = 20ED4DA422D3E4E10081CA8B /* LaunchScreen.storyboard */; };
		20ED4DA922D3E4E10081CA8B /* main.m in Sources */ = {isa = PBXBuildFile; fileRef = 20ED4DA822D3E4E10081CA8B /* main.m */; };
		20ED4DB122D3EABB0081CA8B /* Security.framework in Frameworks */ = {isa = PBXBuildFile; fileRef = 20ED4DB022D3EABB0081CA8B /* Security.framework */; settings = {ATTRIBUTES = (Required, ); }; };
/* End PBXBuildFile section */

/* Begin PBXFileReference section */
		20ED4D9622D3E4DE0081CA8B /* MyKeyChainTest.app */ = {isa = PBXFileReference; explicitFileType = wrapper.application; includeInIndex = 0; path = MyKeyChainTest.app; sourceTree = BUILT_PRODUCTS_DIR; };
		20ED4D9922D3E4DE0081CA8B /* AppDelegate.h */ = {isa = PBXFileReference; lastKnownFileType = sourcecode.c.h; path = AppDelegate.h; sourceTree = "<group>"; };
		20ED4D9A22D3E4DE0081CA8B /* AppDelegate.m */ = {isa = PBXFileReference; lastKnownFileType = sourcecode.c.objc; path = AppDelegate.m; sourceTree = "<group>"; };
		20ED4D9C22D3E4DE0081CA8B /* ViewController.h */ = {isa = PBXFileReference; lastKnownFileType = sourcecode.c.h; path = ViewController.h; sourceTree = "<group>"; };
		20ED4D9D22D3E4DE0081CA8B /* ViewController.m */ = {isa = PBXFileReference; lastKnownFileType = sourcecode.c.objc; path = ViewController.m; sourceTree = "<group>"; };
		20ED4DA022D3E4DE0081CA8B /* Base */ = {isa = PBXFileReference; lastKnownFileType = file.storyboard; name = Base; path = Base.lproj/Main.storyboard; sourceTree = "<group>"; };
		20ED4DA222D3E4E10081CA8B /* Assets.xcassets */ = {isa = PBXFileReference; lastKnownFileType = folder.assetcatalog; path = Assets.xcassets; sourceTree = "<group>"; };
		20ED4DA522D3E4E10081CA8B /* Base */ = {isa = PBXFileReference; lastKnownFileType = file.storyboard; name = Base; path = Base.lproj/LaunchScreen.storyboard; sourceTree = "<group>"; };
		20ED4DA722D3E4E10081CA8B /* Info.plist */ = {isa = PBXFileReference; lastKnownFileType = text.plist.xml; path = Info.plist; sourceTree = "<group>"; };
		20ED4DA822D3E4E10081CA8B /* main.m */ = {isa = PBXFileReference; lastKnownFileType = sourcecode.c.objc; path = main.m; sourceTree = "<group>"; };
		20ED4DB022D3EABB0081CA8B /* Security.framework */ = {isa = PBXFileReference; lastKnownFileType = wrapper.framework; name = Security.framework; path = System/Library/Frameworks/Security.framework; sourceTree = SDKROOT; };
/* End PBXFileReference section */

/* Begin PBXFrameworksBuildPhase section */
		20ED4D9322D3E4DE0081CA8B /* Frameworks */ = {
			isa = PBXFrameworksBuildPhase;
			buildActionMask = 2147483647;
			files = (
				20ED4DB122D3EABB0081CA8B /* Security.framework in Frameworks */,
			);
			runOnlyForDeploymentPostprocessing = 0;
		};
/* End PBXFrameworksBuildPhase section */

/* Begin PBXGroup section */
		20ED4D8D22D3E4DE0081CA8B = {
			isa = PBXGroup;
			children = (
				20ED4D9822D3E4DE0081CA8B /* MyKeyChainTest */,
				20ED4D9722D3E4DE0081CA8B /* Products */,
				20ED4DAF22D3EABB0081CA8B /* Frameworks */,
			);
			sourceTree = "<group>";
		};
		20ED4D9722D3E4DE0081CA8B /* Products */ = {
			isa = PBXGroup;
			children = (
				20ED4D9622D3E4DE0081CA8B /* MyKeyChainTest.app */,
			);
			name = Products;
			sourceTree = "<group>";
		};
		20ED4D9822D3E4DE0081CA8B /* MyKeyChainTest */ = {
			isa = PBXGroup;
			children = (
				20ED4D9922D3E4DE0081CA8B /* AppDelegate.h */,
				20ED4D9A22D3E4DE0081CA8B /* AppDelegate.m */,
				20ED4D9C22D3E4DE0081CA8B /* ViewController.h */,
				20ED4D9D22D3E4DE0081CA8B /* ViewController.m */,
				20ED4D9F22D3E4DE0081CA8B /* Main.storyboard */,
				20ED4DA222D3E4E10081CA8B /* Assets.xcassets */,
				20ED4DA422D3E4E10081CA8B /* LaunchScreen.storyboard */,
				20ED4DA722D3E4E10081CA8B /* Info.plist */,
				20ED4DA822D3E4E10081CA8B /* main.m */,
			);
			path = MyKeyChainTest;
			sourceTree = "<group>";
		};
		20ED4DAF22D3EABB0081CA8B /* Frameworks */ = {
			isa = PBXGroup;
			children = (
				20ED4DB022D3EABB0081CA8B /* Security.framework */,
			);
			name = Frameworks;
			sourceTree = "<group>";
		};
/* End PBXGroup section */

/* Begin PBXNativeTarget section */
		20ED4D9522D3E4DE0081CA8B /* MyKeyChainTest */ = {
			isa = PBXNativeTarget;
			buildConfigurationList = 20ED4DAC22D3E4E10081CA8B /* Build configuration list for PBXNativeTarget "MyKeyChainTest" */;
			buildPhases = (
				20ED4D9222D3E4DE0081CA8B /* Sources */,
				20ED4D9322D3E4DE0081CA8B /* Frameworks */,
				20ED4D9422D3E4DE0081CA8B /* Resources */,
			);
			buildRules = (
			);
			dependencies = (
			);
			name = MyKeyChainTest;
			productName = MyKeyChainTest;
			productReference = 20ED4D9622D3E4DE0081CA8B /* MyKeyChainTest.app */;
			productType = "com.apple.product-type.application";
		};
/* End PBXNativeTarget section */

/* Begin PBXProject section */
		20ED4D8E22D3E4DE0081CA8B /* Project object */ = {
			isa = PBXProject;
			attributes = {
				LastUpgradeCheck = 1020;
				ORGANIZATIONNAME = dbromac;
				TargetAttributes = {
					20ED4D9522D3E4DE0081CA8B = {
						CreatedOnToolsVersion = 10.2;
					};
				};
			};
			buildConfigurationList = 20ED4D9122D3E4DE0081CA8B /* Build configuration list for PBXProject "MyKeyChainTest" */;
			compatibilityVersion = "Xcode 9.3";
			developmentRegion = en;
			hasScannedForEncodings = 0;
			knownRegions = (
				en,
				Base,
			);
			mainGroup = 20ED4D8D22D3E4DE0081CA8B;
			productRefGroup = 20ED4D9722D3E4DE0081CA8B /* Products */;
			projectDirPath = "";
			projectRoot = "";
			targets = (
				20ED4D9522D3E4DE0081CA8B /* MyKeyChainTest */,
			);
		};
/* End PBXProject section */

/* Begin PBXResourcesBuildPhase section */
		20ED4D9422D3E4DE0081CA8B /* Resources */ = {
			isa = PBXResourcesBuildPhase;
			buildActionMask = 2147483647;
			files = (
				20ED4DA622D3E4E10081CA8B /* LaunchScreen.storyboard in Resources */,
				20ED4DA322D3E4E10081CA8B /* Assets.xcassets in Resources */,
				20ED4DA122D3E4DE0081CA8B /* Main.storyboard in Resources */,
			);
			runOnlyForDeploymentPostprocessing = 0;
		};
/* End PBXResourcesBuildPhase section */

/* Begin PBXSourcesBuildPhase section */
		20ED4D9222D3E4DE0081CA8B /* Sources */ = {
			isa = PBXSourcesBuildPhase;
			buildActionMask = 2147483647;
			files = (
				20ED4D9E22D3E4DE0081CA8B /* ViewController.m in Sources */,
				20ED4DA922D3E4E10081CA8B /* main.m in Sources */,
				20ED4D9B22D3E4DE0081CA8B /* AppDelegate.m in Sources */,
			);
			runOnlyForDeploymentPostprocessing = 0;
		};
/* End PBXSourcesBuildPhase section */

/* Begin PBXVariantGroup section */
		20ED4D9F22D3E4DE0081CA8B /* Main.storyboard */ = {
			isa = PBXVariantGroup;
			children = (
				20ED4DA022D3E4DE0081CA8B /* Base */,
			);
			name = Main.storyboard;
			sourceTree = "<group>";
		};
		20ED4DA422D3E4E10081CA8B /* LaunchScreen.storyboard */ = {
			isa = PBXVariantGroup;
			children = (
				20ED4DA522D3E4E10081CA8B /* Base */,
			);
			name = LaunchScreen.storyboard;
			sourceTree = "<group>";
		};
/* End PBXVariantGroup section */

/* Begin XCBuildConfiguration section */
		20ED4DAA22D3E4E10081CA8B /* Debug */ = {
			isa = XCBuildConfiguration;
			buildSettings = {
				ALWAYS_SEARCH_USER_PATHS = NO;
				CLANG_ANALYZER_NONNULL = YES;
				CLANG_ANALYZER_NUMBER_OBJECT_CONVERSION = YES_AGGRESSIVE;
				CLANG_CXX_LANGUAGE_STANDARD = "gnu++14";
				CLANG_CXX_LIBRARY = "libc++";
				CLANG_ENABLE_MODULES = YES;
				CLANG_ENABLE_OBJC_ARC = YES;
				CLANG_ENABLE_OBJC_WEAK = YES;
				CLANG_WARN_BLOCK_CAPTURE_AUTORELEASING = YES;
				CLANG_WARN_BOOL_CONVERSION = YES;
				CLANG_WARN_COMMA = YES;
				CLANG_WARN_CONSTANT_CONVERSION = YES;
				CLANG_WARN_DEPRECATED_OBJC_IMPLEMENTATIONS = YES;
				CLANG_WARN_DIRECT_OBJC_ISA_USAGE = YES_ERROR;
				CLANG_WARN_DOCUMENTATION_COMMENTS = YES;
				CLANG_WARN_EMPTY_BODY = YES;
				CLANG_WARN_ENUM_CONVERSION = YES;
				CLANG_WARN_INFINITE_RECURSION = YES;
				CLANG_WARN_INT_CONVERSION = YES;
				CLANG_WARN_NON_LITERAL_NULL_CONVERSION = YES;
				CLANG_WARN_OBJC_IMPLICIT_RETAIN_SELF = YES;
				CLANG_WARN_OBJC_LITERAL_CONVERSION = YES;
				CLANG_WARN_OBJC_ROOT_CLASS = YES_ERROR;
				CLANG_WARN_RANGE_LOOP_ANALYSIS = YES;
				CLANG_WARN_STRICT_PROTOTYPES = YES;
				CLANG_WARN_SUSPICIOUS_MOVE = YES;
				CLANG_WARN_UNGUARDED_AVAILABILITY = YES_AGGRESSIVE;
				CLANG_WARN_UNREACHABLE_CODE = YES;
				CLANG_WARN__DUPLICATE_METHOD_MATCH = YES;
				CODE_SIGN_IDENTITY = "iPhone Developer";
				COPY_PHASE_STRIP = NO;
				DEBUG_INFORMATION_FORMAT = dwarf;
				ENABLE_STRICT_OBJC_MSGSEND = YES;
				ENABLE_TESTABILITY = YES;
				GCC_C_LANGUAGE_STANDARD = gnu11;
				GCC_DYNAMIC_NO_PIC = NO;
				GCC_NO_COMMON_BLOCKS = YES;
				GCC_OPTIMIZATION_LEVEL = 0;
				GCC_PREPROCESSOR_DEFINITIONS = (
					"DEBUG=1",
					"$(inherited)",
				);
				GCC_WARN_64_TO_32_BIT_CONVERSION = YES;
				GCC_WARN_ABOUT_RETURN_TYPE = YES_ERROR;
				GCC_WARN_UNDECLARED_SELECTOR = YES;
				GCC_WARN_UNINITIALIZED_AUTOS = YES_AGGRESSIVE;
				GCC_WARN_UNUSED_FUNCTION = YES;
				GCC_WARN_UNUSED_VARIABLE = YES;
				IPHONEOS_DEPLOYMENT_TARGET = 12.2;
				MTL_ENABLE_DEBUG_INFO = INCLUDE_SOURCE;
				MTL_FAST_MATH = YES;
				ONLY_ACTIVE_ARCH = YES;
				SDKROOT = iphoneos;
			};
			name = Debug;
		};
		20ED4DAB22D3E4E10081CA8B /* Release */ = {
			isa = XCBuildConfiguration;
			buildSettings = {
				ALWAYS_SEARCH_USER_PATHS = NO;
				CLANG_ANALYZER_NONNULL = YES;
				CLANG_ANALYZER_NUMBER_OBJECT_CONVERSION = YES_AGGRESSIVE;
				CLANG_CXX_LANGUAGE_STANDARD = "gnu++14";
				CLANG_CXX_LIBRARY = "libc++";
				CLANG_ENABLE_MODULES = YES;
				CLANG_ENABLE_OBJC_ARC = YES;
				CLANG_ENABLE_OBJC_WEAK = YES;
				CLANG_WARN_BLOCK_CAPTURE_AUTORELEASING = YES;
				CLANG_WARN_BOOL_CONVERSION = YES;
				CLANG_WARN_COMMA = YES;
				CLANG_WARN_CONSTANT_CONVERSION = YES;
				CLANG_WARN_DEPRECATED_OBJC_IMPLEMENTATIONS = YES;
				CLANG_WARN_DIRECT_OBJC_ISA_USAGE = YES_ERROR;
				CLANG_WARN_DOCUMENTATION_COMMENTS = YES;
				CLANG_WARN_EMPTY_BODY = YES;
				CLANG_WARN_ENUM_CONVERSION = YES;
				CLANG_WARN_INFINITE_RECURSION = YES;
				CLANG_WARN_INT_CONVERSION = YES;
				CLANG_WARN_NON_LITERAL_NULL_CONVERSION = YES;
				CLANG_WARN_OBJC_IMPLICIT_RETAIN_SELF = YES;
				CLANG_WARN_OBJC_LITERAL_CONVERSION = YES;
				CLANG_WARN_OBJC_ROOT_CLASS = YES_ERROR;
				CLANG_WARN_RANGE_LOOP_ANALYSIS = YES;
				CLANG_WARN_STRICT_PROTOTYPES = YES;
				CLANG_WARN_SUSPICIOUS_MOVE = YES;
				CLANG_WARN_UNGUARDED_AVAILABILITY = YES_AGGRESSIVE;
				CLANG_WARN_UNREACHABLE_CODE = YES;
				CLANG_WARN__DUPLICATE_METHOD_MATCH = YES;
				CODE_SIGN_IDENTITY = "iPhone Developer";
				COPY_PHASE_STRIP = NO;
				DEBUG_INFORMATION_FORMAT = "dwarf-with-dsym";
				ENABLE_NS_ASSERTIONS = NO;
				ENABLE_STRICT_OBJC_MSGSEND = YES;
				GCC_C_LANGUAGE_STANDARD = gnu11;
				GCC_NO_COMMON_BLOCKS = YES;
				GCC_WARN_64_TO_32_BIT_CONVERSION = YES;
				GCC_WARN_ABOUT_RETURN_TYPE = YES_ERROR;
				GCC_WARN_UNDECLARED_SELECTOR = YES;
				GCC_WARN_UNINITIALIZED_AUTOS = YES_AGGRESSIVE;
				GCC_WARN_UNUSED_FUNCTION = YES;
				GCC_WARN_UNUSED_VARIABLE = YES;
				IPHONEOS_DEPLOYMENT_TARGET = 12.2;
				MTL_ENABLE_DEBUG_INFO = NO;
				MTL_FAST_MATH = YES;
				SDKROOT = iphoneos;
				VALIDATE_PRODUCT = YES;
			};
			name = Release;
		};
		20ED4DAD22D3E4E10081CA8B /* Debug */ = {
			isa = XCBuildConfiguration;
			buildSettings = {
				ASSETCATALOG_COMPILER_APPICON_NAME = AppIcon;
				CODE_SIGN_STYLE = Automatic;
				INFOPLIST_FILE = MyKeyChainTest/Info.plist;
				LD_RUNPATH_SEARCH_PATHS = (
					"$(inherited)",
					"@executable_path/Frameworks",
				);
				PRODUCT_BUNDLE_IDENTIFIER = com.danbro.MyKeyChainTest;
				PRODUCT_NAME = "$(TARGET_NAME)";
				TARGETED_DEVICE_FAMILY = "1,2";
			};
			name = Debug;
		};
		20ED4DAE22D3E4E10081CA8B /* Release */ = {
			isa = XCBuildConfiguration;
			buildSettings = {
				ASSETCATALOG_COMPILER_APPICON_NAME = AppIcon;
				CODE_SIGN_STYLE = Automatic;
				INFOPLIST_FILE = MyKeyChainTest/Info.plist;
				LD_RUNPATH_SEARCH_PATHS = (
					"$(inherited)",
					"@executable_path/Frameworks",
				);
				PRODUCT_BUNDLE_IDENTIFIER = com.danbro.MyKeyChainTest;
				PRODUCT_NAME = "$(TARGET_NAME)";
				TARGETED_DEVICE_FAMILY = "1,2";
			};
			name = Release;
		};
/* End XCBuildConfiguration section */

/* Begin XCConfigurationList section */
		20ED4D9122D3E4DE0081CA8B /* Build configuration list for PBXProject "MyKeyChainTest" */ = {
			isa = XCConfigurationList;
			buildConfigurations = (
				20ED4DAA22D3E4E10081CA8B /* Debug */,
				20ED4DAB22D3E4E10081CA8B /* Release */,
			);
			defaultConfigurationIsVisible = 0;
			defaultConfigurationName = Release;
		};
		20ED4DAC22D3E4E10081CA8B /* Build configuration list for PBXNativeTarget "MyKeyChainTest" */ = {
			isa = XCConfigurationList;
			buildConfigurations = (
				20ED4DAD22D3E4E10081CA8B /* Debug */,
				20ED4DAE22D3E4E10081CA8B /* Release */,
			);
			defaultConfigurationIsVisible = 0;
			defaultConfigurationName = Release;
		};
/* End XCConfigurationList section */
	};
	rootObject = 20ED4D8E22D3E4DE0081CA8B /* Project object */;
}
